# This file is automatically @generated by Cargo.
# It is not intended for manual editing.
version = 4

[[package]]
name = "output-diffing-utility"
version = "0.1.0"
source = "git+https://github.com/tuulbelt/output-diffing-utility#40a6817471c369df6fab3e5d1b29fb24c28ffe6d"

[[package]]
name = "snapshot-comparison"
version = "0.1.0"
dependencies = [
 "output-diffing-utility",
]
