{
  "name": "@tuulbelt/snapshot-comparison",
  "version": "0.1.0",
  "lockfileVersion": 3,
  "requires": true,
  "packages": {
    "": {
      "name": "@tuulbelt/snapshot-comparison",
      "version": "0.1.0",
      "devDependencies": {
        "@tuulbelt/test-flakiness-detector": "git+https://github.com/tuulbelt/test-flakiness-detector.git"
      }
    },
    "node_modules/@tuulbelt/cli-progress-reporting": {
      "version": "0.1.0",
      "resolved": "git+ssh://git@github.com/tuulbelt/cli-progress-reporting.git#f260cb6a83feda4944111cecb4b2d86ed03c5816",
      "dev": true,
      "license": "MIT",
      "bin": {
        "cli-progress-reporting": "src/index.ts",
        "prog": "src/index.ts"
      },
      "engines": {
        "node": ">=18.0.0"
      }
    },
    "node_modules/@tuulbelt/test-flakiness-detector": {
      "version": "0.1.0",
      "resolved": "git+ssh://git@github.com/tuulbelt/test-flakiness-detector.git#1f6b6a80c1fc22e5a014c4409859c4f503146423",
      "dev": true,
      "license": "MIT",
      "dependencies": {
        "@tuulbelt/cli-progress-reporting": "git+https://github.com/tuulbelt/cli-progress-reporting.git"
      },
      "bin": {
        "flaky": "src/index.ts",
        "test-flakiness-detector": "src/index.ts"
      },
      "engines": {
        "node": ">=18.0.0"
      }
    }
  }
}
